
Microsoft Visual Studio Solution File, Format Version 12.00
# Visual Studio Version 17
VisualStudioVersion = 17.9.34616.47
MinimumVisualStudioVersion = 10.0.40219.1
Project("{FAE04EC0-301F-11D3-BF4B-00C04F79EFBC}") = "Inheritance_methodoverriding", "Inheritance_methodoverriding.csproj", "{4389B49E-0A75-4246-AF7F-F398429B9554}"
EndProject
Global
	GlobalSection(SolutionConfigurationPlatforms) = preSolution
		Debug|Any CPU = Debug|Any CPU
		Release|Any CPU = Release|Any CPU
	EndGlobalSection
	GlobalSection(ProjectConfigurationPlatforms) = postSolution
		{4389B49E-0A75-4246-AF7F-F398429B9554}.Debug|Any CPU.ActiveCfg = Debug|Any CPU
		{4389B49E-0A75-4246-AF7F-F398429B9554}.Debug|Any CPU.Build.0 = Debug|Any CPU
		{4389B49E-0A75-4246-AF7F-F398429B9554}.Release|Any CPU.ActiveCfg = Release|Any CPU
		{4389B49E-0A75-4246-AF7F-F398429B9554}.Release|Any CPU.Build.0 = Release|Any CPU
	EndGlobalSection
	GlobalSection(SolutionProperties) = preSolution
		HideSolutionNode = FALSE
	EndGlobalSection
	GlobalSection(ExtensibilityGlobals) = postSolution
		SolutionGuid = {00D9A375-C316-470B-AF14-A97D724B8E0E}
	EndGlobalSection
EndGlobal
