
Microsoft Visual Studio Solution File, Format Version 12.00
# Visual Studio Version 17
VisualStudioVersion = 17.9.34616.47
MinimumVisualStudioVersion = 10.0.40219.1
Project("{FAE04EC0-301F-11D3-BF4B-00C04F79EFBC}") = "Interfaces", "Interfaces.csproj", "{625AA922-2463-4817-A5EE-620D2FF3CCD2}"
EndProject
Global
	GlobalSection(SolutionConfigurationPlatforms) = preSolution
		Debug|Any CPU = Debug|Any CPU
		Release|Any CPU = Release|Any CPU
	EndGlobalSection
	GlobalSection(ProjectConfigurationPlatforms) = postSolution
		{625AA922-2463-4817-A5EE-620D2FF3CCD2}.Debug|Any CPU.ActiveCfg = Debug|Any CPU
		{625AA922-2463-4817-A5EE-620D2FF3CCD2}.Debug|Any CPU.Build.0 = Debug|Any CPU
		{625AA922-2463-4817-A5EE-620D2FF3CCD2}.Release|Any CPU.ActiveCfg = Release|Any CPU
		{625AA922-2463-4817-A5EE-620D2FF3CCD2}.Release|Any CPU.Build.0 = Release|Any CPU
	EndGlobalSection
	GlobalSection(SolutionProperties) = preSolution
		HideSolutionNode = FALSE
	EndGlobalSection
	GlobalSection(ExtensibilityGlobals) = postSolution
		SolutionGuid = {6DBD3B36-A3FF-4CD2-AA1D-FB5D367519C1}
	EndGlobalSection
EndGlobal
